<Solution>
  <Configurations>
    <BuildType Name="Default" />
    <Platform Name="Default" />
  </Configurations>
  <Folder Name="/Solution Items/" />
  <Folder Name="/Solution Items/csdldethigiuaki/">
    <File Path="QuanLyKhoVatLieu.sql" />
    <File Path="QuanLyVienPhi.sql" />
    <File Path="QuanLyVuLua.sql" />
  </Folder>
</Solution>
